// !$*UTF8*$!
{
	archiveVersion = 1;
	classes = {
	};
	objectVersion = 46;
	objects = {

/* Begin PBXBuildFile section */
		468E1D7B197A99BB000B2D4B /* AppDelegate.swift in Sources */ = {isa = PBXBuildFile; fileRef = 468E1D7A197A99BB000B2D4B /* AppDelegate.swift */; };
		468E1D7D197A99BB000B2D4B /* ViewController.swift in Sources */ = {isa = PBXBuildFile; fileRef = 468E1D7C197A99BB000B2D4B /* ViewController.swift */; };
		468E1D80197A99BB000B2D4B /* Main.storyboard in Resources */ = {isa = PBXBuildFile; fileRef = 468E1D7E197A99BB000B2D4B /* Main.storyboard */; };
		468E1D82197A99BB000B2D4B /* Images.xcassets in Resources */ = {isa = PBXBuildFile; fileRef = 468E1D81197A99BB000B2D4B /* Images.xcassets */; };
		468E1D8E197A99BB000B2D4B /* TraceTests.swift in Sources */ = {isa = PBXBuildFile; fileRef = 468E1D8D197A99BB000B2D4B /* TraceTests.swift */; };
		E9B98C83777D4C5890CF3DE4 /* libPods.a in Frameworks */ = {isa = PBXBuildFile; fileRef = CEF05DBD1FE045B1A38E873A /* libPods.a */; };
/* End PBXBuildFile section */

/* Begin PBXContainerItemProxy section */
		468E1D88197A99BB000B2D4B /* PBXContainerItemProxy */ = {
			isa = PBXContainerItemProxy;
			containerPortal = 468E1D6D197A99BB000B2D4B /* Project object */;
			proxyType = 1;
			remoteGlobalIDString = 468E1D74197A99BB000B2D4B;
			remoteInfo = Trace;
		};
/* End PBXContainerItemProxy section */

/* Begin PBXFileReference section */
		3838B513A8EF4CDFA4655386 /* Pods.xcconfig */ = {isa = PBXFileReference; includeInIndex = 1; lastKnownFileType = text.xcconfig; name = Pods.xcconfig; path = Pods/Pods.xcconfig; sourceTree = "<group>"; };
		468E1D75197A99BB000B2D4B /* Trace.app */ = {isa = PBXFileReference; explicitFileType = wrapper.application; includeInIndex = 0; path = Trace.app; sourceTree = BUILT_PRODUCTS_DIR; };
		468E1D79197A99BB000B2D4B /* Info.plist */ = {isa = PBXFileReference; lastKnownFileType = text.plist.xml; path = Info.plist; sourceTree = "<group>"; };
		468E1D7A197A99BB000B2D4B /* AppDelegate.swift */ = {isa = PBXFileReference; lastKnownFileType = sourcecode.swift; path = AppDelegate.swift; sourceTree = "<group>"; };
		468E1D7C197A99BB000B2D4B /* ViewController.swift */ = {isa = PBXFileReference; lastKnownFileType = sourcecode.swift; path = ViewController.swift; sourceTree = "<group>"; };
		468E1D7F197A99BB000B2D4B /* Base */ = {isa = PBXFileReference; lastKnownFileType = file.storyboard; name = Base; path = Base.lproj/Main.storyboard; sourceTree = "<group>"; };
		468E1D81197A99BB000B2D4B /* Images.xcassets */ = {isa = PBXFileReference; lastKnownFileType = folder.assetcatalog; path = Images.xcassets; sourceTree = "<group>"; };
		468E1D87197A99BB000B2D4B /* TraceTests.xctest */ = {isa = PBXFileReference; explicitFileType = wrapper.cfbundle; includeInIndex = 0; path = TraceTests.xctest; sourceTree = BUILT_PRODUCTS_DIR; };
		468E1D8C197A99BB000B2D4B /* Info.plist */ = {isa = PBXFileReference; lastKnownFileType = text.plist.xml; path = Info.plist; sourceTree = "<group>"; };
		468E1D8D197A99BB000B2D4B /* TraceTests.swift */ = {isa = PBXFileReference; lastKnownFileType = sourcecode.swift; path = TraceTests.swift; sourceTree = "<group>"; };
		CEF05DBD1FE045B1A38E873A /* libPods.a */ = {isa = PBXFileReference; explicitFileType = archive.ar; includeInIndex = 0; path = libPods.a; sourceTree = BUILT_PRODUCTS_DIR; };
/* End PBXFileReference section */

/* Begin PBXFrameworksBuildPhase section */
		468E1D72197A99BB000B2D4B /* Frameworks */ = {
			isa = PBXFrameworksBuildPhase;
			buildActionMask = 2147483647;
			files = (
				E9B98C83777D4C5890CF3DE4 /* libPods.a in Frameworks */,
			);
			runOnlyForDeploymentPostprocessing = 0;
		};
		468E1D84197A99BB000B2D4B /* Frameworks */ = {
			isa = PBXFrameworksBuildPhase;
			buildActionMask = 2147483647;
			files = (
			);
			runOnlyForDeploymentPostprocessing = 0;
		};
/* End PBXFrameworksBuildPhase section */

/* Begin PBXGroup section */
		468E1D6C197A99BB000B2D4B = {
			isa = PBXGroup;
			children = (
				468E1D77197A99BB000B2D4B /* Trace */,
				468E1D8A197A99BB000B2D4B /* TraceTests */,
				468E1D76197A99BB000B2D4B /* Products */,
				3838B513A8EF4CDFA4655386 /* Pods.xcconfig */,
				9CDE635825A64B2C9EBBD489 /* Frameworks */,
			);
			sourceTree = "<group>";
		};
		468E1D76197A99BB000B2D4B /* Products */ = {
			isa = PBXGroup;
			children = (
				468E1D75197A99BB000B2D4B /* Trace.app */,
				468E1D87197A99BB000B2D4B /* TraceTests.xctest */,
			);
			name = Products;
			sourceTree = "<group>";
		};
		468E1D77197A99BB000B2D4B /* Trace */ = {
			isa = PBXGroup;
			children = (
				468E1D7A197A99BB000B2D4B /* AppDelegate.swift */,
				468E1D7C197A99BB000B2D4B /* ViewController.swift */,
				468E1D7E197A99BB000B2D4B /* Main.storyboard */,
				468E1D81197A99BB000B2D4B /* Images.xcassets */,
				468E1D78197A99BB000B2D4B /* Supporting Files */,
			);
			path = Trace;
			sourceTree = "<group>";
		};
		468E1D78197A99BB000B2D4B /* Supporting Files */ = {
			isa = PBXGroup;
			children = (
				468E1D79197A99BB000B2D4B /* Info.plist */,
			);
			name = "Supporting Files";
			sourceTree = "<group>";
		};
		468E1D8A197A99BB000B2D4B /* TraceTests */ = {
			isa = PBXGroup;
			children = (
				468E1D8D197A99BB000B2D4B /* TraceTests.swift */,
				468E1D8B197A99BB000B2D4B /* Supporting Files */,
			);
			path = TraceTests;
			sourceTree = "<group>";
		};
		468E1D8B197A99BB000B2D4B /* Supporting Files */ = {
			isa = PBXGroup;
			children = (
				468E1D8C197A99BB000B2D4B /* Info.plist */,
			);
			name = "Supporting Files";
			sourceTree = "<group>";
		};
		9CDE635825A64B2C9EBBD489 /* Frameworks */ = {
			isa = PBXGroup;
			children = (
				CEF05DBD1FE045B1A38E873A /* libPods.a */,
			);
			name = Frameworks;
			sourceTree = "<group>";
		};
/* End PBXGroup section */

/* Begin PBXNativeTarget section */
		468E1D74197A99BB000B2D4B /* Trace */ = {
			isa = PBXNativeTarget;
			buildConfigurationList = 468E1D91197A99BB000B2D4B /* Build configuration list for PBXNativeTarget "Trace" */;
			buildPhases = (
				FB81B93873574AC2B14E7C0F /* Check Pods Manifest.lock */,
				468E1D71197A99BB000B2D4B /* Sources */,
				468E1D72197A99BB000B2D4B /* Frameworks */,
				468E1D73197A99BB000B2D4B /* Resources */,
				B8FD10F3B0784AC28A1B4554 /* Copy Pods Resources */,
			);
			buildRules = (
			);
			dependencies = (
			);
			name = Trace;
			productName = Trace;
			productReference = 468E1D75197A99BB000B2D4B /* Trace.app */;
			productType = "com.apple.product-type.application";
		};
		468E1D86197A99BB000B2D4B /* TraceTests */ = {
			isa = PBXNativeTarget;
			buildConfigurationList = 468E1D94197A99BB000B2D4B /* Build configuration list for PBXNativeTarget "TraceTests" */;
			buildPhases = (
				468E1D83197A99BB000B2D4B /* Sources */,
				468E1D84197A99BB000B2D4B /* Frameworks */,
				468E1D85197A99BB000B2D4B /* Resources */,
			);
			buildRules = (
			);
			dependencies = (
				468E1D89197A99BB000B2D4B /* PBXTargetDependency */,
			);
			name = TraceTests;
			productName = TraceTests;
			productReference = 468E1D87197A99BB000B2D4B /* TraceTests.xctest */;
			productType = "com.apple.product-type.bundle.unit-test";
		};
/* End PBXNativeTarget section */

/* Begin PBXProject section */
		468E1D6D197A99BB000B2D4B /* Project object */ = {
			isa = PBXProject;
			attributes = {
				LastUpgradeCheck = 0600;
				ORGANIZATIONNAME = Fabrica;
				TargetAttributes = {
					468E1D74197A99BB000B2D4B = {
						CreatedOnToolsVersion = 6.0;
						DevelopmentTeam = CPMD5S2KEC;
					};
					468E1D86197A99BB000B2D4B = {
						CreatedOnToolsVersion = 6.0;
						TestTargetID = 468E1D74197A99BB000B2D4B;
					};
				};
			};
			buildConfigurationList = 468E1D70197A99BB000B2D4B /* Build configuration list for PBXProject "Trace" */;
			compatibilityVersion = "Xcode 3.2";
			developmentRegion = English;
			hasScannedForEncodings = 0;
			knownRegions = (
				en,
				Base,
			);
			mainGroup = 468E1D6C197A99BB000B2D4B;
			productRefGroup = 468E1D76197A99BB000B2D4B /* Products */;
			projectDirPath = "";
			projectRoot = "";
			targets = (
				468E1D74197A99BB000B2D4B /* Trace */,
				468E1D86197A99BB000B2D4B /* TraceTests */,
			);
		};
/* End PBXProject section */

/* Begin PBXResourcesBuildPhase section */
		468E1D73197A99BB000B2D4B /* Resources */ = {
			isa = PBXResourcesBuildPhase;
			buildActionMask = 2147483647;
			files = (
				468E1D80197A99BB000B2D4B /* Main.storyboard in Resources */,
				468E1D82197A99BB000B2D4B /* Images.xcassets in Resources */,
			);
			runOnlyForDeploymentPostprocessing = 0;
		};
		468E1D85197A99BB000B2D4B /* Resources */ = {
			isa = PBXResourcesBuildPhase;
			buildActionMask = 2147483647;
			files = (
			);
			runOnlyForDeploymentPostprocessing = 0;
		};
/* End PBXResourcesBuildPhase section */

/* Begin PBXShellScriptBuildPhase section */
		B8FD10F3B0784AC28A1B4554 /* Copy Pods Resources */ = {
			isa = PBXShellScriptBuildPhase;
			buildActionMask = 2147483647;
			files = (
			);
			inputPaths = (
			);
			name = "Copy Pods Resources";
			outputPaths = (
			);
			runOnlyForDeploymentPostprocessing = 0;
			shellPath = /bin/sh;
			shellScript = "\"${SRCROOT}/Pods/Pods-resources.sh\"\n";
			showEnvVarsInLog = 0;
		};
		FB81B93873574AC2B14E7C0F /* Check Pods Manifest.lock */ = {
			isa = PBXShellScriptBuildPhase;
			buildActionMask = 2147483647;
			files = (
			);
			inputPaths = (
			);
			name = "Check Pods Manifest.lock";
			outputPaths = (
			);
			runOnlyForDeploymentPostprocessing = 0;
			shellPath = /bin/sh;
			shellScript = "diff \"${PODS_ROOT}/../Podfile.lock\" \"${PODS_ROOT}/Manifest.lock\" > /dev/null\nif [[ $? != 0 ]] ; then\n    cat << EOM\nerror: The sandbox is not in sync with the Podfile.lock. Run 'pod install' or update your CocoaPods installation.\nEOM\n    exit 1\nfi\n";
			showEnvVarsInLog = 0;
		};
/* End PBXShellScriptBuildPhase section */

/* Begin PBXSourcesBuildPhase section */
		468E1D71197A99BB000B2D4B /* Sources */ = {
			isa = PBXSourcesBuildPhase;
			buildActionMask = 2147483647;
			files = (
				468E1D7D197A99BB000B2D4B /* ViewController.swift in Sources */,
				468E1D7B197A99BB000B2D4B /* AppDelegate.swift in Sources */,
			);
			runOnlyForDeploymentPostprocessing = 0;
		};
		468E1D83197A99BB000B2D4B /* Sources */ = {
			isa = PBXSourcesBuildPhase;
			buildActionMask = 2147483647;
			files = (
				468E1D8E197A99BB000B2D4B /* TraceTests.swift in Sources */,
			);
			runOnlyForDeploymentPostprocessing = 0;
		};
/* End PBXSourcesBuildPhase section */

/* Begin PBXTargetDependency section */
		468E1D89197A99BB000B2D4B /* PBXTargetDependency */ = {
			isa = PBXTargetDependency;
			target = 468E1D74197A99BB000B2D4B /* Trace */;
			targetProxy = 468E1D88197A99BB000B2D4B /* PBXContainerItemProxy */;
		};
/* End PBXTargetDependency section */

/* Begin PBXVariantGroup section */
		468E1D7E197A99BB000B2D4B /* Main.storyboard */ = {
			isa = PBXVariantGroup;
			children = (
				468E1D7F197A99BB000B2D4B /* Base */,
			);
			name = Main.storyboard;
			sourceTree = "<group>";
		};
/* End PBXVariantGroup section */

/* Begin XCBuildConfiguration section */
		468E1D8F197A99BB000B2D4B /* Debug */ = {
			isa = XCBuildConfiguration;
			buildSettings = {
				ALWAYS_SEARCH_USER_PATHS = NO;
				CLANG_CXX_LANGUAGE_STANDARD = "gnu++0x";
				CLANG_CXX_LIBRARY = "libc++";
				CLANG_ENABLE_MODULES = YES;
				CLANG_ENABLE_OBJC_ARC = YES;
				CLANG_WARN_BOOL_CONVERSION = YES;
				CLANG_WARN_CONSTANT_CONVERSION = YES;
				CLANG_WARN_DIRECT_OBJC_ISA_USAGE = YES_ERROR;
				CLANG_WARN_EMPTY_BODY = YES;
				CLANG_WARN_ENUM_CONVERSION = YES;
				CLANG_WARN_INT_CONVERSION = YES;
				CLANG_WARN_OBJC_ROOT_CLASS = YES_ERROR;
				CLANG_WARN_UNREACHABLE_CODE = YES;
				CLANG_WARN__DUPLICATE_METHOD_MATCH = YES;
				"CODE_SIGN_IDENTITY[sdk=iphoneos*]" = "iPhone Developer";
				COPY_PHASE_STRIP = NO;
				ENABLE_STRICT_OBJC_MSGSEND = YES;
				GCC_C_LANGUAGE_STANDARD = gnu99;
				GCC_DYNAMIC_NO_PIC = NO;
				GCC_OPTIMIZATION_LEVEL = 0;
				GCC_PREPROCESSOR_DEFINITIONS = (
					"DEBUG=1",
					"$(inherited)",
				);
				GCC_SYMBOLS_PRIVATE_EXTERN = NO;
				GCC_WARN_64_TO_32_BIT_CONVERSION = YES;
				GCC_WARN_ABOUT_RETURN_TYPE = YES_ERROR;
				GCC_WARN_UNDECLARED_SELECTOR = YES;
				GCC_WARN_UNINITIALIZED_AUTOS = YES_AGGRESSIVE;
				GCC_WARN_UNUSED_FUNCTION = YES;
				GCC_WARN_UNUSED_VARIABLE = YES;
				IPHONEOS_DEPLOYMENT_TARGET = 8.0;
				METAL_ENABLE_DEBUG_INFO = YES;
				ONLY_ACTIVE_ARCH = YES;
				SDKROOT = iphoneos;
				SWIFT_OPTIMIZATION_LEVEL = "-Onone";
			};
			name = Debug;
		};
		468E1D90197A99BB000B2D4B /* Release */ = {
			isa = XCBuildConfiguration;
			buildSettings = {
				ALWAYS_SEARCH_USER_PATHS = NO;
				CLANG_CXX_LANGUAGE_STANDARD = "gnu++0x";
				CLANG_CXX_LIBRARY = "libc++";
				CLANG_ENABLE_MODULES = YES;
				CLANG_ENABLE_OBJC_ARC = YES;
				CLANG_WARN_BOOL_CONVERSION = YES;
				CLANG_WARN_CONSTANT_CONVERSION = YES;
				CLANG_WARN_DIRECT_OBJC_ISA_USAGE = YES_ERROR;
				CLANG_WARN_EMPTY_BODY = YES;
				CLANG_WARN_ENUM_CONVERSION = YES;
				CLANG_WARN_INT_CONVERSION = YES;
				CLANG_WARN_OBJC_ROOT_CLASS = YES_ERROR;
				CLANG_WARN_UNREACHABLE_CODE = YES;
				CLANG_WARN__DUPLICATE_METHOD_MATCH = YES;
				"CODE_SIGN_IDENTITY[sdk=iphoneos*]" = "iPhone Developer";
				COPY_PHASE_STRIP = YES;
				ENABLE_NS_ASSERTIONS = NO;
				ENABLE_STRICT_OBJC_MSGSEND = YES;
				GCC_C_LANGUAGE_STANDARD = gnu99;
				GCC_WARN_64_TO_32_BIT_CONVERSION = YES;
				GCC_WARN_ABOUT_RETURN_TYPE = YES_ERROR;
				GCC_WARN_UNDECLARED_SELECTOR = YES;
				GCC_WARN_UNINITIALIZED_AUTOS = YES_AGGRESSIVE;
				GCC_WARN_UNUSED_FUNCTION = YES;
				GCC_WARN_UNUSED_VARIABLE = YES;
				IPHONEOS_DEPLOYMENT_TARGET = 8.0;
				METAL_ENABLE_DEBUG_INFO = NO;
				SDKROOT = iphoneos;
				VALIDATE_PRODUCT = YES;
			};
			name = Release;
		};
		468E1D92197A99BB000B2D4B /* Debug */ = {
			isa = XCBuildConfiguration;
			baseConfigurationReference = 3838B513A8EF4CDFA4655386 /* Pods.xcconfig */;
			buildSettings = {
				ASSETCATALOG_COMPILER_APPICON_NAME = AppIcon;
				ASSETCATALOG_COMPILER_LAUNCHIMAGE_NAME = LaunchImage;
				CODE_SIGN_IDENTITY = "iPhone Developer";
				"CODE_SIGN_IDENTITY[sdk=iphoneos*]" = "iPhone Developer";
				INFOPLIST_FILE = Trace/Info.plist;
				IPHONEOS_DEPLOYMENT_TARGET = 6.0;
				LD_RUNPATH_SEARCH_PATHS = "$(inherited) @executable_path/Frameworks";
				PRODUCT_NAME = "$(TARGET_NAME)";
				PROVISIONING_PROFILE = "";
			};
			name = Debug;
		};
		468E1D93197A99BB000B2D4B /* Release */ = {
			isa = XCBuildConfiguration;
			baseConfigurationReference = 3838B513A8EF4CDFA4655386 /* Pods.xcconfig */;
			buildSettings = {
				ASSETCATALOG_COMPILER_APPICON_NAME = AppIcon;
				ASSETCATALOG_COMPILER_LAUNCHIMAGE_NAME = LaunchImage;
				CODE_SIGN_IDENTITY = "iPhone Developer";
				"CODE_SIGN_IDENTITY[sdk=iphoneos*]" = "iPhone Developer";
				INFOPLIST_FILE = Trace/Info.plist;
				IPHONEOS_DEPLOYMENT_TARGET = 6.0;
				LD_RUNPATH_SEARCH_PATHS = "$(inherited) @executable_path/Frameworks";
				PRODUCT_NAME = "$(TARGET_NAME)";
				PROVISIONING_PROFILE = "";
			};
			name = Release;
		};
		468E1D95197A99BB000B2D4B /* Debug */ = {
			isa = XCBuildConfiguration;
			buildSettings = {
				BUNDLE_LOADER = "$(BUILT_PRODUCTS_DIR)/Trace.app/Trace";
				FRAMEWORK_SEARCH_PATHS = (
					"$(SDKROOT)/Developer/Library/Frameworks",
					"$(inherited)",
				);
				GCC_PREPROCESSOR_DEFINITIONS = (
					"DEBUG=1",
					"$(inherited)",
				);
				INFOPLIST_FILE = TraceTests/Info.plist;
				LD_RUNPATH_SEARCH_PATHS = "$(inherited) @executable_path/Frameworks @loader_path/Frameworks";
				METAL_ENABLE_DEBUG_INFO = YES;
				PRODUCT_NAME = "$(TARGET_NAME)";
				TEST_HOST = "$(BUNDLE_LOADER)";
			};
			name = Debug;
		};
		468E1D96197A99BB000B2D4B /* Release */ = {
			isa = XCBuildConfiguration;
			buildSettings = {
				BUNDLE_LOADER = "$(BUILT_PRODUCTS_DIR)/Trace.app/Trace";
				FRAMEWORK_SEARCH_PATHS = (
					"$(SDKROOT)/Developer/Library/Frameworks",
					"$(inherited)",
				);
				INFOPLIST_FILE = TraceTests/Info.plist;
				LD_RUNPATH_SEARCH_PATHS = "$(inherited) @executable_path/Frameworks @loader_path/Frameworks";
				METAL_ENABLE_DEBUG_INFO = NO;
				PRODUCT_NAME = "$(TARGET_NAME)";
				TEST_HOST = "$(BUNDLE_LOADER)";
			};
			name = Release;
		};
/* End XCBuildConfiguration section */

/* Begin XCConfigurationList section */
		468E1D70197A99BB000B2D4B /* Build configuration list for PBXProject "Trace" */ = {
			isa = XCConfigurationList;
			buildConfigurations = (
				468E1D8F197A99BB000B2D4B /* Debug */,
				468E1D90197A99BB000B2D4B /* Release */,
			);
			defaultConfigurationIsVisible = 0;
			defaultConfigurationName = Release;
		};
		468E1D91197A99BB000B2D4B /* Build configuration list for PBXNativeTarget "Trace" */ = {
			isa = XCConfigurationList;
			buildConfigurations = (
				468E1D92197A99BB000B2D4B /* Debug */,
				468E1D93197A99BB000B2D4B /* Release */,
			);
			defaultConfigurationIsVisible = 0;
			defaultConfigurationName = Release;
		};
		468E1D94197A99BB000B2D4B /* Build configuration list for PBXNativeTarget "TraceTests" */ = {
			isa = XCConfigurationList;
			buildConfigurations = (
				468E1D95197A99BB000B2D4B /* Debug */,
				468E1D96197A99BB000B2D4B /* Release */,
			);
			defaultConfigurationIsVisible = 0;
			defaultConfigurationName = Release;
		};
/* End XCConfigurationList section */
	};
	rootObject = 468E1D6D197A99BB000B2D4B /* Project object */;
}
